
Microsoft Visual Studio Solution File, Format Version 12.00
# Visual Studio 15
Project("{FAE04EC0-301F-11D3-BF4B-00C04F79EFBC}") = "ContosoCrafts", "ContosoCrafts.csproj", "{586C5380-DD18-404D-A4FB-E1766DE437CA}"
EndProject
Global
	GlobalSection(SolutionConfigurationPlatforms) = preSolution
		Debug|Any CPU = Debug|Any CPU
		Release|Any CPU = Release|Any CPU
	EndGlobalSection
	GlobalSection(ProjectConfigurationPlatforms) = postSolution
		{586C5380-DD18-404D-A4FB-E1766DE437CA}.Debug|Any CPU.ActiveCfg = Debug|Any CPU
		{586C5380-DD18-404D-A4FB-E1766DE437CA}.Debug|Any CPU.Build.0 = Debug|Any CPU
		{586C5380-DD18-404D-A4FB-E1766DE437CA}.Release|Any CPU.ActiveCfg = Release|Any CPU
		{586C5380-DD18-404D-A4FB-E1766DE437CA}.Release|Any CPU.Build.0 = Release|Any CPU
	EndGlobalSection
EndGlobal
