
Microsoft Visual Studio Solution File, Format Version 12.00
# Visual Studio 15
Project("{FAE04EC0-301F-11D3-BF4B-00C04F79EFBC}") = "CRUD", "CRUD.csproj", "{2EDD28CE-C1EC-4944-95F7-22B7F3C64CBD}"
EndProject
Global
	GlobalSection(SolutionConfigurationPlatforms) = preSolution
		Debug|Any CPU = Debug|Any CPU
		Release|Any CPU = Release|Any CPU
	EndGlobalSection
	GlobalSection(ProjectConfigurationPlatforms) = postSolution
		{2EDD28CE-C1EC-4944-95F7-22B7F3C64CBD}.Debug|Any CPU.ActiveCfg = Debug|Any CPU
		{2EDD28CE-C1EC-4944-95F7-22B7F3C64CBD}.Debug|Any CPU.Build.0 = Debug|Any CPU
		{2EDD28CE-C1EC-4944-95F7-22B7F3C64CBD}.Release|Any CPU.ActiveCfg = Release|Any CPU
		{2EDD28CE-C1EC-4944-95F7-22B7F3C64CBD}.Release|Any CPU.Build.0 = Release|Any CPU
	EndGlobalSection
EndGlobal
