
Microsoft Visual Studio Solution File, Format Version 12.00
# Visual Studio 15
Project("{FAE04EC0-301F-11D3-BF4B-00C04F79EFBC}") = "CsvHelperTools", "CsvHelperTools.csproj", "{66E74825-1921-4D4C-9DD3-26E084F035FE}"
EndProject
Global
	GlobalSection(SolutionConfigurationPlatforms) = preSolution
		Debug|Any CPU = Debug|Any CPU
		Release|Any CPU = Release|Any CPU
	EndGlobalSection
	GlobalSection(ProjectConfigurationPlatforms) = postSolution
		{66E74825-1921-4D4C-9DD3-26E084F035FE}.Debug|Any CPU.ActiveCfg = Debug|Any CPU
		{66E74825-1921-4D4C-9DD3-26E084F035FE}.Debug|Any CPU.Build.0 = Debug|Any CPU
		{66E74825-1921-4D4C-9DD3-26E084F035FE}.Release|Any CPU.ActiveCfg = Release|Any CPU
		{66E74825-1921-4D4C-9DD3-26E084F035FE}.Release|Any CPU.Build.0 = Release|Any CPU
	EndGlobalSection
EndGlobal
