
Microsoft Visual Studio Solution File, Format Version 12.00
# Visual Studio 15
Project("{FAE04EC0-301F-11D3-BF4B-00C04F79EFBC}") = "Greeter", "Greeter.csproj", "{60555B2C-E275-4EAC-9761-29811134769A}"
EndProject
Global
	GlobalSection(SolutionConfigurationPlatforms) = preSolution
		Debug|Any CPU = Debug|Any CPU
		Release|Any CPU = Release|Any CPU
	EndGlobalSection
	GlobalSection(ProjectConfigurationPlatforms) = postSolution
		{60555B2C-E275-4EAC-9761-29811134769A}.Debug|Any CPU.ActiveCfg = Debug|Any CPU
		{60555B2C-E275-4EAC-9761-29811134769A}.Debug|Any CPU.Build.0 = Debug|Any CPU
		{60555B2C-E275-4EAC-9761-29811134769A}.Release|Any CPU.ActiveCfg = Release|Any CPU
		{60555B2C-E275-4EAC-9761-29811134769A}.Release|Any CPU.Build.0 = Release|Any CPU
	EndGlobalSection
EndGlobal
