
Microsoft Visual Studio Solution File, Format Version 12.00
# Visual Studio 15
VisualStudioVersion = 15.0.26124.0
MinimumVisualStudioVersion = 15.0.26124.0
Project("{FAE04EC0-301F-11D3-BF4B-00C04F79EFBC}") = "GreeterClient", "GreeterClients\GreeterClients.csproj", "{A6B4766D-DF18-44A3-A3EE-724D7604E0CB}"
EndProject
Project("{FAE04EC0-301F-11D3-BF4B-00C04F79EFBC}") = "Greeter", "Greeter\Greeter.csproj", "{203C4DA7-ECDC-4140-BE80-72BF515AE670}"
EndProject
Project("{FAE04EC0-301F-11D3-BF4B-00C04F79EFBC}") = "CreditRatingClient", "CreditRatingClient\CreditRatingClient.csproj", "{5D8A08D6-8615-4957-904F-D884B7160C5D}"
EndProject
Project("{FAE04EC0-301F-11D3-BF4B-00C04F79EFBC}") = "CreditRatingService", "CreditRatingService\CreditRatingService.csproj", "{0E2F5D31-B44B-4C6B-8D3E-E9B002AD3DAE}"
EndProject
Global
	GlobalSection(SolutionConfigurationPlatforms) = preSolution
		Debug|Any CPU = Debug|Any CPU
		Debug|x64 = Debug|x64
		Debug|x86 = Debug|x86
		Release|Any CPU = Release|Any CPU
		Release|x64 = Release|x64
		Release|x86 = Release|x86
	EndGlobalSection
	GlobalSection(SolutionProperties) = preSolution
		HideSolutionNode = FALSE
	EndGlobalSection
	GlobalSection(ProjectConfigurationPlatforms) = postSolution
		{A6B4766D-DF18-44A3-A3EE-724D7604E0CB}.Debug|Any CPU.ActiveCfg = Debug|Any CPU
		{A6B4766D-DF18-44A3-A3EE-724D7604E0CB}.Debug|Any CPU.Build.0 = Debug|Any CPU
		{A6B4766D-DF18-44A3-A3EE-724D7604E0CB}.Debug|x64.ActiveCfg = Debug|Any CPU
		{A6B4766D-DF18-44A3-A3EE-724D7604E0CB}.Debug|x64.Build.0 = Debug|Any CPU
		{A6B4766D-DF18-44A3-A3EE-724D7604E0CB}.Debug|x86.ActiveCfg = Debug|Any CPU
		{A6B4766D-DF18-44A3-A3EE-724D7604E0CB}.Debug|x86.Build.0 = Debug|Any CPU
		{A6B4766D-DF18-44A3-A3EE-724D7604E0CB}.Release|Any CPU.ActiveCfg = Release|Any CPU
		{A6B4766D-DF18-44A3-A3EE-724D7604E0CB}.Release|Any CPU.Build.0 = Release|Any CPU
		{A6B4766D-DF18-44A3-A3EE-724D7604E0CB}.Release|x64.ActiveCfg = Release|Any CPU
		{A6B4766D-DF18-44A3-A3EE-724D7604E0CB}.Release|x64.Build.0 = Release|Any CPU
		{A6B4766D-DF18-44A3-A3EE-724D7604E0CB}.Release|x86.ActiveCfg = Release|Any CPU
		{A6B4766D-DF18-44A3-A3EE-724D7604E0CB}.Release|x86.Build.0 = Release|Any CPU
		{203C4DA7-ECDC-4140-BE80-72BF515AE670}.Debug|Any CPU.ActiveCfg = Debug|Any CPU
		{203C4DA7-ECDC-4140-BE80-72BF515AE670}.Debug|Any CPU.Build.0 = Debug|Any CPU
		{203C4DA7-ECDC-4140-BE80-72BF515AE670}.Debug|x64.ActiveCfg = Debug|Any CPU
		{203C4DA7-ECDC-4140-BE80-72BF515AE670}.Debug|x64.Build.0 = Debug|Any CPU
		{203C4DA7-ECDC-4140-BE80-72BF515AE670}.Debug|x86.ActiveCfg = Debug|Any CPU
		{203C4DA7-ECDC-4140-BE80-72BF515AE670}.Debug|x86.Build.0 = Debug|Any CPU
		{203C4DA7-ECDC-4140-BE80-72BF515AE670}.Release|Any CPU.ActiveCfg = Release|Any CPU
		{203C4DA7-ECDC-4140-BE80-72BF515AE670}.Release|Any CPU.Build.0 = Release|Any CPU
		{203C4DA7-ECDC-4140-BE80-72BF515AE670}.Release|x64.ActiveCfg = Release|Any CPU
		{203C4DA7-ECDC-4140-BE80-72BF515AE670}.Release|x64.Build.0 = Release|Any CPU
		{203C4DA7-ECDC-4140-BE80-72BF515AE670}.Release|x86.ActiveCfg = Release|Any CPU
		{203C4DA7-ECDC-4140-BE80-72BF515AE670}.Release|x86.Build.0 = Release|Any CPU
		{5D8A08D6-8615-4957-904F-D884B7160C5D}.Debug|Any CPU.ActiveCfg = Debug|Any CPU
		{5D8A08D6-8615-4957-904F-D884B7160C5D}.Debug|Any CPU.Build.0 = Debug|Any CPU
		{5D8A08D6-8615-4957-904F-D884B7160C5D}.Debug|x64.ActiveCfg = Debug|Any CPU
		{5D8A08D6-8615-4957-904F-D884B7160C5D}.Debug|x64.Build.0 = Debug|Any CPU
		{5D8A08D6-8615-4957-904F-D884B7160C5D}.Debug|x86.ActiveCfg = Debug|Any CPU
		{5D8A08D6-8615-4957-904F-D884B7160C5D}.Debug|x86.Build.0 = Debug|Any CPU
		{5D8A08D6-8615-4957-904F-D884B7160C5D}.Release|Any CPU.ActiveCfg = Release|Any CPU
		{5D8A08D6-8615-4957-904F-D884B7160C5D}.Release|Any CPU.Build.0 = Release|Any CPU
		{5D8A08D6-8615-4957-904F-D884B7160C5D}.Release|x64.ActiveCfg = Release|Any CPU
		{5D8A08D6-8615-4957-904F-D884B7160C5D}.Release|x64.Build.0 = Release|Any CPU
		{5D8A08D6-8615-4957-904F-D884B7160C5D}.Release|x86.ActiveCfg = Release|Any CPU
		{5D8A08D6-8615-4957-904F-D884B7160C5D}.Release|x86.Build.0 = Release|Any CPU
		{0E2F5D31-B44B-4C6B-8D3E-E9B002AD3DAE}.Debug|Any CPU.ActiveCfg = Debug|Any CPU
		{0E2F5D31-B44B-4C6B-8D3E-E9B002AD3DAE}.Debug|Any CPU.Build.0 = Debug|Any CPU
		{0E2F5D31-B44B-4C6B-8D3E-E9B002AD3DAE}.Debug|x64.ActiveCfg = Debug|Any CPU
		{0E2F5D31-B44B-4C6B-8D3E-E9B002AD3DAE}.Debug|x64.Build.0 = Debug|Any CPU
		{0E2F5D31-B44B-4C6B-8D3E-E9B002AD3DAE}.Debug|x86.ActiveCfg = Debug|Any CPU
		{0E2F5D31-B44B-4C6B-8D3E-E9B002AD3DAE}.Debug|x86.Build.0 = Debug|Any CPU
		{0E2F5D31-B44B-4C6B-8D3E-E9B002AD3DAE}.Release|Any CPU.ActiveCfg = Release|Any CPU
		{0E2F5D31-B44B-4C6B-8D3E-E9B002AD3DAE}.Release|Any CPU.Build.0 = Release|Any CPU
		{0E2F5D31-B44B-4C6B-8D3E-E9B002AD3DAE}.Release|x64.ActiveCfg = Release|Any CPU
		{0E2F5D31-B44B-4C6B-8D3E-E9B002AD3DAE}.Release|x64.Build.0 = Release|Any CPU
		{0E2F5D31-B44B-4C6B-8D3E-E9B002AD3DAE}.Release|x86.ActiveCfg = Release|Any CPU
		{0E2F5D31-B44B-4C6B-8D3E-E9B002AD3DAE}.Release|x86.Build.0 = Release|Any CPU
	EndGlobalSection
EndGlobal
