
Microsoft Visual Studio Solution File, Format Version 12.00
# Visual Studio 15
Project("{FAE04EC0-301F-11D3-BF4B-00C04F79EFBC}") = "SentimentAnalysisConsole", "SentimentAnalysisConsole\SentimentAnalysisConsole.csproj", "{4F2728AB-790A-4D92-AE13-3916B6183335}"
EndProject
Global
	GlobalSection(SolutionConfigurationPlatforms) = preSolution
		Debug|anycpu = Debug|anycpu
		Release|anycpu = Release|anycpu
	EndGlobalSection
	GlobalSection(ProjectConfigurationPlatforms) = postSolution
		{4F2728AB-790A-4D92-AE13-3916B6183335}.Debug|anycpu.ActiveCfg = Debug|anycpu
		{4F2728AB-790A-4D92-AE13-3916B6183335}.Debug|anycpu.Build.0 = Debug|anycpu
		{4F2728AB-790A-4D92-AE13-3916B6183335}.Release|anycpu.ActiveCfg = Release|anycpu
		{4F2728AB-790A-4D92-AE13-3916B6183335}.Release|anycpu.Build.0 = Release|anycpu
	EndGlobalSection
EndGlobal
